
Microsoft Visual Studio Solution File, Format Version 12.00
# Visual Studio Version 17
VisualStudioVersion = 17.4.33213.308
MinimumVisualStudioVersion = 10.0.40219.1
Project("{FAE04EC0-301F-11D3-BF4B-00C04F79EFBC}") = "TilledSoil", "TilledSoil.csproj", "{CB743C4A-B703-4729-ACB8-2455E195FBCF}"
EndProject
Global
	GlobalSection(SolutionConfigurationPlatforms) = preSolution
		1.4|Any CPU = 1.4|Any CPU
		1.5|Any CPU = 1.5|Any CPU
	EndGlobalSection
	GlobalSection(ProjectConfigurationPlatforms) = postSolution
		{CB743C4A-B703-4729-ACB8-2455E195FBCF}.1.4|Any CPU.ActiveCfg = 1.4|Any CPU
		{CB743C4A-B703-4729-ACB8-2455E195FBCF}.1.4|Any CPU.Build.0 = 1.4|Any CPU
		{CB743C4A-B703-4729-ACB8-2455E195FBCF}.1.5|Any CPU.ActiveCfg = 1.5|Any CPU
		{CB743C4A-B703-4729-ACB8-2455E195FBCF}.1.5|Any CPU.Build.0 = 1.5|Any CPU
	EndGlobalSection
	GlobalSection(SolutionProperties) = preSolution
		HideSolutionNode = FALSE
	EndGlobalSection
	GlobalSection(ExtensibilityGlobals) = postSolution
		SolutionGuid = {BBA72611-D7CB-4141-967C-DD6685D0CADE}
	EndGlobalSection
EndGlobal
